// !$*UTF8*$!
{
	archiveVersion = 1;
	classes = {
	};
	objectVersion = 55;
	objects = {

/* Begin PBXBuildFile section */
		8DAA8BE95602E87A83C3122D /* Pods_AI_Accessibility.framework in Frameworks */ = {isa = PBXBuildFile; fileRef = 80C26799E390D3D3CE3247F9 /* Pods_AI_Accessibility.framework */; };
		B3B24D6F282BBA10004A189A /* ImageTouchViewController.swift in Sources */ = {isa = PBXBuildFile; fileRef = B3B24D6E282BBA10004A189A /* ImageTouchViewController.swift */; };
		B3C2D99C282AA76C0091CB47 /* AppDelegate.swift in Sources */ = {isa = PBXBuildFile; fileRef = B3C2D99B282AA76C0091CB47 /* AppDelegate.swift */; };
		B3C2D99E282AA76C0091CB47 /* SceneDelegate.swift in Sources */ = {isa = PBXBuildFile; fileRef = B3C2D99D282AA76C0091CB47 /* SceneDelegate.swift */; };
		B3C2D9A0282AA76C0091CB47 /* ViewController.swift in Sources */ = {isa = PBXBuildFile; fileRef = B3C2D99F282AA76C0091CB47 /* ViewController.swift */; };
		B3C2D9A3282AA76C0091CB47 /* Main.storyboard in Resources */ = {isa = PBXBuildFile; fileRef = B3C2D9A1282AA76C0091CB47 /* Main.storyboard */; };
		B3C2D9A5282AA76F0091CB47 /* Assets.xcassets in Resources */ = {isa = PBXBuildFile; fileRef = B3C2D9A4282AA76F0091CB47 /* Assets.xcassets */; };
		B3C2D9A8282AA76F0091CB47 /* LaunchScreen.storyboard in Resources */ = {isa = PBXBuildFile; fileRef = B3C2D9A6282AA76F0091CB47 /* LaunchScreen.storyboard */; };
		B3D28557282D33B600ECD78E /* Extensions.swift in Sources */ = {isa = PBXBuildFile; fileRef = B3D28556282D33B600ECD78E /* Extensions.swift */; };
/* End PBXBuildFile section */

/* Begin PBXFileReference section */
		315A048C3186B114EF784B06 /* Pods-AI-Accessibility.release.xcconfig */ = {isa = PBXFileReference; includeInIndex = 1; lastKnownFileType = text.xcconfig; name = "Pods-AI-Accessibility.release.xcconfig"; path = "Target Support Files/Pods-AI-Accessibility/Pods-AI-Accessibility.release.xcconfig"; sourceTree = "<group>"; };
		80C26799E390D3D3CE3247F9 /* Pods_AI_Accessibility.framework */ = {isa = PBXFileReference; explicitFileType = wrapper.framework; includeInIndex = 0; path = Pods_AI_Accessibility.framework; sourceTree = BUILT_PRODUCTS_DIR; };
		9848203B8D51B24C407B9ADF /* Pods-AI-Accessibility.debug.xcconfig */ = {isa = PBXFileReference; includeInIndex = 1; lastKnownFileType = text.xcconfig; name = "Pods-AI-Accessibility.debug.xcconfig"; path = "Target Support Files/Pods-AI-Accessibility/Pods-AI-Accessibility.debug.xcconfig"; sourceTree = "<group>"; };
		B3B24D6E282BBA10004A189A /* ImageTouchViewController.swift */ = {isa = PBXFileReference; lastKnownFileType = sourcecode.swift; path = ImageTouchViewController.swift; sourceTree = "<group>"; };
		B3C2D998282AA76C0091CB47 /* AI-Accessibility.app */ = {isa = PBXFileReference; explicitFileType = wrapper.application; includeInIndex = 0; path = "AI-Accessibility.app"; sourceTree = BUILT_PRODUCTS_DIR; };
		B3C2D99B282AA76C0091CB47 /* AppDelegate.swift */ = {isa = PBXFileReference; lastKnownFileType = sourcecode.swift; path = AppDelegate.swift; sourceTree = "<group>"; };
		B3C2D99D282AA76C0091CB47 /* SceneDelegate.swift */ = {isa = PBXFileReference; lastKnownFileType = sourcecode.swift; path = SceneDelegate.swift; sourceTree = "<group>"; };
		B3C2D99F282AA76C0091CB47 /* ViewController.swift */ = {isa = PBXFileReference; lastKnownFileType = sourcecode.swift; path = ViewController.swift; sourceTree = "<group>"; };
		B3C2D9A2282AA76C0091CB47 /* Base */ = {isa = PBXFileReference; lastKnownFileType = file.storyboard; name = Base; path = Base.lproj/Main.storyboard; sourceTree = "<group>"; };
		B3C2D9A4282AA76F0091CB47 /* Assets.xcassets */ = {isa = PBXFileReference; lastKnownFileType = folder.assetcatalog; path = Assets.xcassets; sourceTree = "<group>"; };
		B3C2D9A7282AA76F0091CB47 /* Base */ = {isa = PBXFileReference; lastKnownFileType = file.storyboard; name = Base; path = Base.lproj/LaunchScreen.storyboard; sourceTree = "<group>"; };
		B3C2D9A9282AA76F0091CB47 /* Info.plist */ = {isa = PBXFileReference; lastKnownFileType = text.plist.xml; path = Info.plist; sourceTree = "<group>"; };
		B3D28556282D33B600ECD78E /* Extensions.swift */ = {isa = PBXFileReference; lastKnownFileType = sourcecode.swift; path = Extensions.swift; sourceTree = "<group>"; };
/* End PBXFileReference section */

/* Begin PBXFrameworksBuildPhase section */
		B3C2D995282AA76C0091CB47 /* Frameworks */ = {
			isa = PBXFrameworksBuildPhase;
			buildActionMask = 2147483647;
			files = (
				8DAA8BE95602E87A83C3122D /* Pods_AI_Accessibility.framework in Frameworks */,
			);
			runOnlyForDeploymentPostprocessing = 0;
		};
/* End PBXFrameworksBuildPhase section */

/* Begin PBXGroup section */
		352DA1D702C866284349EC8C /* Frameworks */ = {
			isa = PBXGroup;
			children = (
				80C26799E390D3D3CE3247F9 /* Pods_AI_Accessibility.framework */,
			);
			name = Frameworks;
			sourceTree = "<group>";
		};
		6C72257288139242DFAEDFB3 /* Pods */ = {
			isa = PBXGroup;
			children = (
				9848203B8D51B24C407B9ADF /* Pods-AI-Accessibility.debug.xcconfig */,
				315A048C3186B114EF784B06 /* Pods-AI-Accessibility.release.xcconfig */,
			);
			name = Pods;
			path = Pods;
			sourceTree = "<group>";
		};
		B3C2D98F282AA76C0091CB47 = {
			isa = PBXGroup;
			children = (
				B3C2D99A282AA76C0091CB47 /* AI-Accessibility */,
				B3C2D999282AA76C0091CB47 /* Products */,
				6C72257288139242DFAEDFB3 /* Pods */,
				352DA1D702C866284349EC8C /* Frameworks */,
			);
			sourceTree = "<group>";
		};
		B3C2D999282AA76C0091CB47 /* Products */ = {
			isa = PBXGroup;
			children = (
				B3C2D998282AA76C0091CB47 /* AI-Accessibility.app */,
			);
			name = Products;
			sourceTree = "<group>";
		};
		B3C2D99A282AA76C0091CB47 /* AI-Accessibility */ = {
			isa = PBXGroup;
			children = (
				B3C2D99B282AA76C0091CB47 /* AppDelegate.swift */,
				B3C2D99D282AA76C0091CB47 /* SceneDelegate.swift */,
				B3C2D99F282AA76C0091CB47 /* ViewController.swift */,
				B3B24D6E282BBA10004A189A /* ImageTouchViewController.swift */,
				B3D28556282D33B600ECD78E /* Extensions.swift */,
				B3C2D9A1282AA76C0091CB47 /* Main.storyboard */,
				B3C2D9A4282AA76F0091CB47 /* Assets.xcassets */,
				B3C2D9A6282AA76F0091CB47 /* LaunchScreen.storyboard */,
				B3C2D9A9282AA76F0091CB47 /* Info.plist */,
			);
			path = "AI-Accessibility";
			sourceTree = "<group>";
		};
/* End PBXGroup section */

/* Begin PBXNativeTarget section */
		B3C2D997282AA76C0091CB47 /* AI-Accessibility */ = {
			isa = PBXNativeTarget;
			buildConfigurationList = B3C2D9AC282AA76F0091CB47 /* Build configuration list for PBXNativeTarget "AI-Accessibility" */;
			buildPhases = (
				9A5D6032BD7E50CBB5A13BB4 /* [CP] Check Pods Manifest.lock */,
				B3C2D994282AA76C0091CB47 /* Sources */,
				B3C2D995282AA76C0091CB47 /* Frameworks */,
				B3C2D996282AA76C0091CB47 /* Resources */,
				865F4EA0D95617451C16D4AB /* [CP] Embed Pods Frameworks */,
			);
			buildRules = (
			);
			dependencies = (
			);
			name = "AI-Accessibility";
			productName = "AI-Accessibility";
			productReference = B3C2D998282AA76C0091CB47 /* AI-Accessibility.app */;
			productType = "com.apple.product-type.application";
		};
/* End PBXNativeTarget section */

/* Begin PBXProject section */
		B3C2D990282AA76C0091CB47 /* Project object */ = {
			isa = PBXProject;
			attributes = {
				BuildIndependentTargetsInParallel = 1;
				LastSwiftUpdateCheck = 1330;
				LastUpgradeCheck = 1330;
				TargetAttributes = {
					B3C2D997282AA76C0091CB47 = {
						CreatedOnToolsVersion = 13.3.1;
					};
				};
			};
			buildConfigurationList = B3C2D993282AA76C0091CB47 /* Build configuration list for PBXProject "AI-Accessibility" */;
			compatibilityVersion = "Xcode 13.0";
			developmentRegion = en;
			hasScannedForEncodings = 0;
			knownRegions = (
				en,
				Base,
			);
			mainGroup = B3C2D98F282AA76C0091CB47;
			productRefGroup = B3C2D999282AA76C0091CB47 /* Products */;
			projectDirPath = "";
			projectRoot = "";
			targets = (
				B3C2D997282AA76C0091CB47 /* AI-Accessibility */,
			);
		};
/* End PBXProject section */

/* Begin PBXResourcesBuildPhase section */
		B3C2D996282AA76C0091CB47 /* Resources */ = {
			isa = PBXResourcesBuildPhase;
			buildActionMask = 2147483647;
			files = (
				B3C2D9A8282AA76F0091CB47 /* LaunchScreen.storyboard in Resources */,
				B3C2D9A5282AA76F0091CB47 /* Assets.xcassets in Resources */,
				B3C2D9A3282AA76C0091CB47 /* Main.storyboard in Resources */,
			);
			runOnlyForDeploymentPostprocessing = 0;
		};
/* End PBXResourcesBuildPhase section */

/* Begin PBXShellScriptBuildPhase section */
		865F4EA0D95617451C16D4AB /* [CP] Embed Pods Frameworks */ = {
			isa = PBXShellScriptBuildPhase;
			buildActionMask = 2147483647;
			files = (
			);
			inputFileListPaths = (
				"${PODS_ROOT}/Target Support Files/Pods-AI-Accessibility/Pods-AI-Accessibility-frameworks-${CONFIGURATION}-input-files.xcfilelist",
			);
			name = "[CP] Embed Pods Frameworks";
			outputFileListPaths = (
				"${PODS_ROOT}/Target Support Files/Pods-AI-Accessibility/Pods-AI-Accessibility-frameworks-${CONFIGURATION}-output-files.xcfilelist",
			);
			runOnlyForDeploymentPostprocessing = 0;
			shellPath = /bin/sh;
			shellScript = "\"${PODS_ROOT}/Target Support Files/Pods-AI-Accessibility/Pods-AI-Accessibility-frameworks.sh\"\n";
			showEnvVarsInLog = 0;
		};
		9A5D6032BD7E50CBB5A13BB4 /* [CP] Check Pods Manifest.lock */ = {
			isa = PBXShellScriptBuildPhase;
			buildActionMask = 2147483647;
			files = (
			);
			inputFileListPaths = (
			);
			inputPaths = (
				"${PODS_PODFILE_DIR_PATH}/Podfile.lock",
				"${PODS_ROOT}/Manifest.lock",
			);
			name = "[CP] Check Pods Manifest.lock";
			outputFileListPaths = (
			);
			outputPaths = (
				"$(DERIVED_FILE_DIR)/Pods-AI-Accessibility-checkManifestLockResult.txt",
			);
			runOnlyForDeploymentPostprocessing = 0;
			shellPath = /bin/sh;
			shellScript = "diff \"${PODS_PODFILE_DIR_PATH}/Podfile.lock\" \"${PODS_ROOT}/Manifest.lock\" > /dev/null\nif [ $? != 0 ] ; then\n    # print error to STDERR\n    echo \"error: The sandbox is not in sync with the Podfile.lock. Run 'pod install' or update your CocoaPods installation.\" >&2\n    exit 1\nfi\n# This output is used by Xcode 'outputs' to avoid re-running this script phase.\necho \"SUCCESS\" > \"${SCRIPT_OUTPUT_FILE_0}\"\n";
			showEnvVarsInLog = 0;
		};
/* End PBXShellScriptBuildPhase section */

/* Begin PBXSourcesBuildPhase section */
		B3C2D994282AA76C0091CB47 /* Sources */ = {
			isa = PBXSourcesBuildPhase;
			buildActionMask = 2147483647;
			files = (
				B3D28557282D33B600ECD78E /* Extensions.swift in Sources */,
				B3C2D9A0282AA76C0091CB47 /* ViewController.swift in Sources */,
				B3C2D99C282AA76C0091CB47 /* AppDelegate.swift in Sources */,
				B3B24D6F282BBA10004A189A /* ImageTouchViewController.swift in Sources */,
				B3C2D99E282AA76C0091CB47 /* SceneDelegate.swift in Sources */,
			);
			runOnlyForDeploymentPostprocessing = 0;
		};
/* End PBXSourcesBuildPhase section */

/* Begin PBXVariantGroup section */
		B3C2D9A1282AA76C0091CB47 /* Main.storyboard */ = {
			isa = PBXVariantGroup;
			children = (
				B3C2D9A2282AA76C0091CB47 /* Base */,
			);
			name = Main.storyboard;
			sourceTree = "<group>";
		};
		B3C2D9A6282AA76F0091CB47 /* LaunchScreen.storyboard */ = {
			isa = PBXVariantGroup;
			children = (
				B3C2D9A7282AA76F0091CB47 /* Base */,
			);
			name = LaunchScreen.storyboard;
			sourceTree = "<group>";
		};
/* End PBXVariantGroup section */

/* Begin XCBuildConfiguration section */
		B3C2D9AA282AA76F0091CB47 /* Debug */ = {
			isa = XCBuildConfiguration;
			buildSettings = {
				ALWAYS_SEARCH_USER_PATHS = NO;
				CLANG_ANALYZER_NONNULL = YES;
				CLANG_ANALYZER_NUMBER_OBJECT_CONVERSION = YES_AGGRESSIVE;
				CLANG_CXX_LANGUAGE_STANDARD = "gnu++17";
				CLANG_ENABLE_MODULES = YES;
				CLANG_ENABLE_OBJC_ARC = YES;
				CLANG_ENABLE_OBJC_WEAK = YES;
				CLANG_WARN_BLOCK_CAPTURE_AUTORELEASING = YES;
				CLANG_WARN_BOOL_CONVERSION = YES;
				CLANG_WARN_COMMA = YES;
				CLANG_WARN_CONSTANT_CONVERSION = YES;
				CLANG_WARN_DEPRECATED_OBJC_IMPLEMENTATIONS = YES;
				CLANG_WARN_DIRECT_OBJC_ISA_USAGE = YES_ERROR;
				CLANG_WARN_DOCUMENTATION_COMMENTS = YES;
				CLANG_WARN_EMPTY_BODY = YES;
				CLANG_WARN_ENUM_CONVERSION = YES;
				CLANG_WARN_INFINITE_RECURSION = YES;
				CLANG_WARN_INT_CONVERSION = YES;
				CLANG_WARN_NON_LITERAL_NULL_CONVERSION = YES;
				CLANG_WARN_OBJC_IMPLICIT_RETAIN_SELF = YES;
				CLANG_WARN_OBJC_LITERAL_CONVERSION = YES;
				CLANG_WARN_OBJC_ROOT_CLASS = YES_ERROR;
				CLANG_WARN_QUOTED_INCLUDE_IN_FRAMEWORK_HEADER = YES;
				CLANG_WARN_RANGE_LOOP_ANALYSIS = YES;
				CLANG_WARN_STRICT_PROTOTYPES = YES;
				CLANG_WARN_SUSPICIOUS_MOVE = YES;
				CLANG_WARN_UNGUARDED_AVAILABILITY = YES_AGGRESSIVE;
				CLANG_WARN_UNREACHABLE_CODE = YES;
				CLANG_WARN__DUPLICATE_METHOD_MATCH = YES;
				COPY_PHASE_STRIP = NO;
				DEBUG_INFORMATION_FORMAT = dwarf;
				ENABLE_STRICT_OBJC_MSGSEND = YES;
				ENABLE_TESTABILITY = YES;
				GCC_C_LANGUAGE_STANDARD = gnu11;
				GCC_DYNAMIC_NO_PIC = NO;
				GCC_NO_COMMON_BLOCKS = YES;
				GCC_OPTIMIZATION_LEVEL = 0;
				GCC_PREPROCESSOR_DEFINITIONS = (
					"DEBUG=1",
					"$(inherited)",
				);
				GCC_WARN_64_TO_32_BIT_CONVERSION = YES;
				GCC_WARN_ABOUT_RETURN_TYPE = YES_ERROR;
				GCC_WARN_UNDECLARED_SELECTOR = YES;
				GCC_WARN_UNINITIALIZED_AUTOS = YES_AGGRESSIVE;
				GCC_WARN_UNUSED_FUNCTION = YES;
				GCC_WARN_UNUSED_VARIABLE = YES;
				IPHONEOS_DEPLOYMENT_TARGET = 15.4;
				MTL_ENABLE_DEBUG_INFO = INCLUDE_SOURCE;
				MTL_FAST_MATH = YES;
				ONLY_ACTIVE_ARCH = YES;
				SDKROOT = iphoneos;
				SWIFT_ACTIVE_COMPILATION_CONDITIONS = DEBUG;
				SWIFT_OPTIMIZATION_LEVEL = "-Onone";
			};
			name = Debug;
		};
		B3C2D9AB282AA76F0091CB47 /* Release */ = {
			isa = XCBuildConfiguration;
			buildSettings = {
				ALWAYS_SEARCH_USER_PATHS = NO;
				CLANG_ANALYZER_NONNULL = YES;
				CLANG_ANALYZER_NUMBER_OBJECT_CONVERSION = YES_AGGRESSIVE;
				CLANG_CXX_LANGUAGE_STANDARD = "gnu++17";
				CLANG_ENABLE_MODULES = YES;
				CLANG_ENABLE_OBJC_ARC = YES;
				CLANG_ENABLE_OBJC_WEAK = YES;
				CLANG_WARN_BLOCK_CAPTURE_AUTORELEASING = YES;
				CLANG_WARN_BOOL_CONVERSION = YES;
				CLANG_WARN_COMMA = YES;
				CLANG_WARN_CONSTANT_CONVERSION = YES;
				CLANG_WARN_DEPRECATED_OBJC_IMPLEMENTATIONS = YES;
				CLANG_WARN_DIRECT_OBJC_ISA_USAGE = YES_ERROR;
				CLANG_WARN_DOCUMENTATION_COMMENTS = YES;
				CLANG_WARN_EMPTY_BODY = YES;
				CLANG_WARN_ENUM_CONVERSION = YES;
				CLANG_WARN_INFINITE_RECURSION = YES;
				CLANG_WARN_INT_CONVERSION = YES;
				CLANG_WARN_NON_LITERAL_NULL_CONVERSION = YES;
				CLANG_WARN_OBJC_IMPLICIT_RETAIN_SELF = YES;
				CLANG_WARN_OBJC_LITERAL_CONVERSION = YES;
				CLANG_WARN_OBJC_ROOT_CLASS = YES_ERROR;
				CLANG_WARN_QUOTED_INCLUDE_IN_FRAMEWORK_HEADER = YES;
				CLANG_WARN_RANGE_LOOP_ANALYSIS = YES;
				CLANG_WARN_STRICT_PROTOTYPES = YES;
				CLANG_WARN_SUSPICIOUS_MOVE = YES;
				CLANG_WARN_UNGUARDED_AVAILABILITY = YES_AGGRESSIVE;
				CLANG_WARN_UNREACHABLE_CODE = YES;
				CLANG_WARN__DUPLICATE_METHOD_MATCH = YES;
				COPY_PHASE_STRIP = NO;
				DEBUG_INFORMATION_FORMAT = "dwarf-with-dsym";
				ENABLE_NS_ASSERTIONS = NO;
				ENABLE_STRICT_OBJC_MSGSEND = YES;
				GCC_C_LANGUAGE_STANDARD = gnu11;
				GCC_NO_COMMON_BLOCKS = YES;
				GCC_WARN_64_TO_32_BIT_CONVERSION = YES;
				GCC_WARN_ABOUT_RETURN_TYPE = YES_ERROR;
				GCC_WARN_UNDECLARED_SELECTOR = YES;
				GCC_WARN_UNINITIALIZED_AUTOS = YES_AGGRESSIVE;
				GCC_WARN_UNUSED_FUNCTION = YES;
				GCC_WARN_UNUSED_VARIABLE = YES;
				IPHONEOS_DEPLOYMENT_TARGET = 15.4;
				MTL_ENABLE_DEBUG_INFO = NO;
				MTL_FAST_MATH = YES;
				SDKROOT = iphoneos;
				SWIFT_COMPILATION_MODE = wholemodule;
				SWIFT_OPTIMIZATION_LEVEL = "-O";
				VALIDATE_PRODUCT = YES;
			};
			name = Release;
		};
		B3C2D9AD282AA76F0091CB47 /* Debug */ = {
			isa = XCBuildConfiguration;
			baseConfigurationReference = 9848203B8D51B24C407B9ADF /* Pods-AI-Accessibility.debug.xcconfig */;
			buildSettings = {
				ASSETCATALOG_COMPILER_APPICON_NAME = AppIcon;
				ASSETCATALOG_COMPILER_GLOBAL_ACCENT_COLOR_NAME = AccentColor;
				CODE_SIGN_STYLE = Automatic;
				CURRENT_PROJECT_VERSION = 1;
				DEVELOPMENT_TEAM = 2XA2S86F2N;
				GENERATE_INFOPLIST_FILE = YES;
				INFOPLIST_FILE = "AI-Accessibility/Info.plist";
				INFOPLIST_KEY_UIApplicationSupportsIndirectInputEvents = YES;
				INFOPLIST_KEY_UILaunchStoryboardName = LaunchScreen;
				INFOPLIST_KEY_UIMainStoryboardFile = Main;
				INFOPLIST_KEY_UISupportedInterfaceOrientations_iPad = "UIInterfaceOrientationPortrait UIInterfaceOrientationPortraitUpsideDown UIInterfaceOrientationLandscapeLeft UIInterfaceOrientationLandscapeRight";
				INFOPLIST_KEY_UISupportedInterfaceOrientations_iPhone = "UIInterfaceOrientationPortrait UIInterfaceOrientationLandscapeLeft UIInterfaceOrientationLandscapeRight";
				LD_RUNPATH_SEARCH_PATHS = (
					"$(inherited)",
					"@executable_path/Frameworks",
				);
				MARKETING_VERSION = 1.0;
				PRODUCT_BUNDLE_IDENTIFIER = "lypomelo.hku.AI-Accessibility";
				PRODUCT_NAME = "$(TARGET_NAME)";
				SWIFT_EMIT_LOC_STRINGS = YES;
				SWIFT_VERSION = 5.0;
				TARGETED_DEVICE_FAMILY = "1,2";
			};
			name = Debug;
		};
		B3C2D9AE282AA76F0091CB47 /* Release */ = {
			isa = XCBuildConfiguration;
			baseConfigurationReference = 315A048C3186B114EF784B06 /* Pods-AI-Accessibility.release.xcconfig */;
			buildSettings = {
				ASSETCATALOG_COMPILER_APPICON_NAME = AppIcon;
				ASSETCATALOG_COMPILER_GLOBAL_ACCENT_COLOR_NAME = AccentColor;
				CODE_SIGN_STYLE = Automatic;
				CURRENT_PROJECT_VERSION = 1;
				DEVELOPMENT_TEAM = 2XA2S86F2N;
				GENERATE_INFOPLIST_FILE = YES;
				INFOPLIST_FILE = "AI-Accessibility/Info.plist";
				INFOPLIST_KEY_UIApplicationSupportsIndirectInputEvents = YES;
				INFOPLIST_KEY_UILaunchStoryboardName = LaunchScreen;
				INFOPLIST_KEY_UIMainStoryboardFile = Main;
				INFOPLIST_KEY_UISupportedInterfaceOrientations_iPad = "UIInterfaceOrientationPortrait UIInterfaceOrientationPortraitUpsideDown UIInterfaceOrientationLandscapeLeft UIInterfaceOrientationLandscapeRight";
				INFOPLIST_KEY_UISupportedInterfaceOrientations_iPhone = "UIInterfaceOrientationPortrait UIInterfaceOrientationLandscapeLeft UIInterfaceOrientationLandscapeRight";
				LD_RUNPATH_SEARCH_PATHS = (
					"$(inherited)",
					"@executable_path/Frameworks",
				);
				MARKETING_VERSION = 1.0;
				PRODUCT_BUNDLE_IDENTIFIER = "lypomelo.hku.AI-Accessibility";
				PRODUCT_NAME = "$(TARGET_NAME)";
				SWIFT_EMIT_LOC_STRINGS = YES;
				SWIFT_VERSION = 5.0;
				TARGETED_DEVICE_FAMILY = "1,2";
			};
			name = Release;
		};
/* End XCBuildConfiguration section */

/* Begin XCConfigurationList section */
		B3C2D993282AA76C0091CB47 /* Build configuration list for PBXProject "AI-Accessibility" */ = {
			isa = XCConfigurationList;
			buildConfigurations = (
				B3C2D9AA282AA76F0091CB47 /* Debug */,
				B3C2D9AB282AA76F0091CB47 /* Release */,
			);
			defaultConfigurationIsVisible = 0;
			defaultConfigurationName = Release;
		};
		B3C2D9AC282AA76F0091CB47 /* Build configuration list for PBXNativeTarget "AI-Accessibility" */ = {
			isa = XCConfigurationList;
			buildConfigurations = (
				B3C2D9AD282AA76F0091CB47 /* Debug */,
				B3C2D9AE282AA76F0091CB47 /* Release */,
			);
			defaultConfigurationIsVisible = 0;
			defaultConfigurationName = Release;
		};
/* End XCConfigurationList section */
	};
	rootObject = B3C2D990282AA76C0091CB47 /* Project object */;
}
